
Microsoft Visual Studio Solution File, Format Version 12.00
# Visual Studio Version 17
VisualStudioVersion = 17.7.34031.279
MinimumVisualStudioVersion = 10.0.40219.1
Project("{FAE04EC0-301F-11D3-BF4B-00C04F79EFBC}") = "LowLevelGraphics", "LowLevelGraphics\LowLevelGraphics.csproj", "{288D1170-E412-41A1-B6C2-620F0981D665}"
EndProject
Global
	GlobalSection(SolutionConfigurationPlatforms) = preSolution
		Debug|Any CPU = Debug|Any CPU
		Release|Any CPU = Release|Any CPU
	EndGlobalSection
	GlobalSection(ProjectConfigurationPlatforms) = postSolution
		{288D1170-E412-41A1-B6C2-620F0981D665}.Debug|Any CPU.ActiveCfg = Debug|Any CPU
		{288D1170-E412-41A1-B6C2-620F0981D665}.Debug|Any CPU.Build.0 = Debug|Any CPU
		{288D1170-E412-41A1-B6C2-620F0981D665}.Release|Any CPU.ActiveCfg = Release|Any CPU
		{288D1170-E412-41A1-B6C2-620F0981D665}.Release|Any CPU.Build.0 = Release|Any CPU
	EndGlobalSection
	GlobalSection(SolutionProperties) = preSolution
		HideSolutionNode = FALSE
	EndGlobalSection
	GlobalSection(ExtensibilityGlobals) = postSolution
		SolutionGuid = {097099BE-D472-4B1E-9FD5-07B68F0BFCC0}
	EndGlobalSection
EndGlobal
